<?xml version="1.0" encoding="utf-8"?>
<Project ToolsVersion="4.0" xmlns="http://schemas.microsoft.com/developer/msbuild/2003">
  <ItemGroup>
    <Filter Include="include">
      <UniqueIdentifier>{57c7ce0d-5e8f-4ded-bafc-93a7c23ae404}</UniqueIdentifier>
    </Filter>
    <Filter Include="include\sdl">
      <UniqueIdentifier>{589954da-4956-4af8-9b50-327d5d23bade}</UniqueIdentifier>
    </Filter>
    <Filter Include="include\vulkan">
      <UniqueIdentifier>{5e9ec3be-34ba-4a40-b713-804b9c3d4f2a}</UniqueIdentifier>
    </Filter>
    <Filter Include="src">
      <UniqueIdentifier>{a99b2782-2f1d-463c-ab1c-719f774261fb}</UniqueIdentifier>
    </Filter>
    <Filter Include="src\sdl">
      <UniqueIdentifier>{dbddc8b3-6d7c-40af-a05f-dba806159b6d}</UniqueIdentifier>
    </Filter>
    <Filter Include="src\vulkan">
      <UniqueIdentifier>{353dea9b-a48d-4f1d-82a6-dd4dc9650212}</UniqueIdentifier>
    </Filter>
    <Filter Include="include\events">
      <UniqueIdentifier>{38ec3ae4-3c72-48c9-8974-55372689c021}</UniqueIdentifier>
    </Filter>
    <Filter Include="murmurhash">
      <UniqueIdentifier>{ff0ae188-9379-4cda-af0e-399e7a9344f4}</UniqueIdentifier>
    </Filter>
    <Filter Include="src\vulkan\shaders">
      <UniqueIdentifier>{40726d16-f49e-4778-8347-45a45fb777ba}</UniqueIdentifier>
    </Filter>
  </ItemGroup>
  <ItemGroup>
    <ClInclude Include="..\..\backends\include\application.h">
      <Filter>include</Filter>
    </ClInclude>
    <ClInclude Include="..\..\backends\include\igraphics_context.h">
      <Filter>include</Filter>
    </ClInclude>
    <ClInclude Include="..\..\backends\include\sdl\sdl_app.h">
      <Filter>include\sdl</Filter>
    </ClInclude>
    <ClInclude Include="..\..\backends\include\sdl\sdl_events.h">
      <Filter>include\sdl</Filter>
    </ClInclude>
    <ClInclude Include="..\..\backends\include\sdl\sdl_font.h">
      <Filter>include\sdl</Filter>
    </ClInclude>
    <ClInclude Include="..\..\backends\include\sdl\SDL_FontCache.h">
      <Filter>include\sdl</Filter>
    </ClInclude>
    <ClInclude Include="..\..\backends\include\sdl\sdl_font_factory.h">
      <Filter>include\sdl</Filter>
    </ClInclude>
    <ClInclude Include="..\..\backends\include\sdl\sdl_graphics.h">
      <Filter>include\sdl</Filter>
    </ClInclude>
    <ClInclude Include="..\..\backends\include\sdl\sdl_image.h">
      <Filter>include\sdl</Filter>
    </ClInclude>
    <ClInclude Include="..\..\backends\include\sdl\sdl_image_factory.h">
      <Filter>include\sdl</Filter>
    </ClInclude>
    <ClInclude Include="..\..\backends\include\sdl\sdl_ui_renderer.h">
      <Filter>include\sdl</Filter>
    </ClInclude>
    <ClInclude Include="..\..\backends\include\sdl\sdl_utils.h">
      <Filter>include\sdl</Filter>
    </ClInclude>
    <ClInclude Include="..\..\backends\include\sdl\smart_sdl.h">
      <Filter>include\sdl</Filter>
    </ClInclude>
    <ClInclude Include="..\..\backends\include\vulkan\vulkan_app.h">
      <Filter>include\vulkan</Filter>
    </ClInclude>
    <ClInclude Include="..\..\backends\include\vulkan\vulkan_buffer.h">
      <Filter>include\vulkan</Filter>
    </ClInclude>
    <ClInclude Include="..\..\backends\include\vulkan\vulkan_command_buffer.h">
      <Filter>include\vulkan</Filter>
    </ClInclude>
    <ClInclude Include="..\..\backends\include\vulkan\vulkan_context.h">
      <Filter>include\vulkan</Filter>
    </ClInclude>
    <ClInclude Include="..\..\backends\include\vulkan\vulkan_events.h">
      <Filter>include\vulkan</Filter>
    </ClInclude>
    <ClInclude Include="..\..\backends\include\vulkan\vulkan_fence.h">
      <Filter>include\vulkan</Filter>
    </ClInclude>
    <ClInclude Include="..\..\backends\include\vulkan\vulkan_font.h">
      <Filter>include\vulkan</Filter>
    </ClInclude>
    <ClInclude Include="..\..\backends\include\vulkan\vulkan_font_cache.h">
      <Filter>include\vulkan</Filter>
    </ClInclude>
    <ClInclude Include="..\..\backends\include\vulkan\vulkan_font_factory.h">
      <Filter>include\vulkan</Filter>
    </ClInclude>
    <ClInclude Include="..\..\backends\include\vulkan\vulkan_framebuffer.h">
      <Filter>include\vulkan</Filter>
    </ClInclude>
    <ClInclude Include="..\..\backends\include\vulkan\vulkan_graphics.h">
      <Filter>include\vulkan</Filter>
    </ClInclude>
    <ClInclude Include="..\..\backends\include\vulkan\vulkan_image.h">
      <Filter>include\vulkan</Filter>
    </ClInclude>
    <ClInclude Include="..\..\backends\include\vulkan\vulkan_image_factory.h">
      <Filter>include\vulkan</Filter>
    </ClInclude>
    <ClInclude Include="..\..\backends\include\vulkan\vulkan_pipeline.h">
      <Filter>include\vulkan</Filter>
    </ClInclude>
    <ClInclude Include="..\..\backends\include\vulkan\vulkan_renderpass.h">
      <Filter>include\vulkan</Filter>
    </ClInclude>
    <ClInclude Include="..\..\backends\include\vulkan\vulkan_shader.h">
      <Filter>include\vulkan</Filter>
    </ClInclude>
    <ClInclude Include="..\..\backends\include\vulkan\vulkan_subimage.h">
      <Filter>include\vulkan</Filter>
    </ClInclude>
    <ClInclude Include="..\..\backends\include\vulkan\vulkan_swapchain.h">
      <Filter>include\vulkan</Filter>
    </ClInclude>
    <ClInclude Include="..\..\backends\include\vulkan\vulkan_ui_renderer.h">
      <Filter>include\vulkan</Filter>
    </ClInclude>
    <ClInclude Include="..\..\backends\include\vulkan\vulkan_utils.h">
      <Filter>include\vulkan</Filter>
    </ClInclude>
    <ClInclude Include="..\..\backends\src\common.h">
      <Filter>src</Filter>
    </ClInclude>
    <ClInclude Include="..\..\backends\include\events\event.h">
      <Filter>include\events</Filter>
    </ClInclude>
    <ClInclude Include="..\..\backends\src\utils.h">
      <Filter>src</Filter>
    </ClInclude>
    <ClInclude Include="..\..\external\murmurhash.c\murmurhash.h">
      <Filter>murmurhash</Filter>
    </ClInclude>
    <ClInclude Include="..\..\backends\include\stb_image.h">
      <Filter>include</Filter>
    </ClInclude>
    <ClInclude Include="..\..\backends\include\stb_image_write.h">
      <Filter>include</Filter>
    </ClInclude>
    <ClInclude Include="..\..\backends\include\stb_rect_pack.h">
      <Filter>include</Filter>
    </ClInclude>
    <ClInclude Include="..\..\backends\src\vulkan\shaders\vulkan_shaders.h">
      <Filter>src\vulkan\shaders</Filter>
    </ClInclude>
  </ItemGroup>
  <ItemGroup>
    <ClCompile Include="..\..\backends\src\application.cpp">
      <Filter>src</Filter>
    </ClCompile>
    <ClCompile Include="..\..\backends\src\sdl\sdl_app.cpp">
      <Filter>src\sdl</Filter>
    </ClCompile>
    <ClCompile Include="..\..\backends\src\sdl\sdl_events.cpp">
      <Filter>src\sdl</Filter>
    </ClCompile>
    <ClCompile Include="..\..\backends\src\sdl\sdl_font.cpp">
      <Filter>src\sdl</Filter>
    </ClCompile>
    <ClCompile Include="..\..\backends\src\sdl\SDL_FontCache.c">
      <Filter>src\sdl</Filter>
    </ClCompile>
    <ClCompile Include="..\..\backends\src\sdl\sdl_font_factory.cpp">
      <Filter>src\sdl</Filter>
    </ClCompile>
    <ClCompile Include="..\..\backends\src\sdl\sdl_graphics.cpp">
      <Filter>src\sdl</Filter>
    </ClCompile>
    <ClCompile Include="..\..\backends\src\sdl\sdl_image.cpp">
      <Filter>src\sdl</Filter>
    </ClCompile>
    <ClCompile Include="..\..\backends\src\sdl\sdl_image_factory.cpp">
      <Filter>src\sdl</Filter>
    </ClCompile>
    <ClCompile Include="..\..\backends\src\sdl\sdl_ui_renderer.cpp">
      <Filter>src\sdl</Filter>
    </ClCompile>
    <ClCompile Include="..\..\backends\src\vulkan\vulkan_app.cpp">
      <Filter>src\vulkan</Filter>
    </ClCompile>
    <ClCompile Include="..\..\backends\src\vulkan\vulkan_buffer.cpp">
      <Filter>src\vulkan</Filter>
    </ClCompile>
    <ClCompile Include="..\..\backends\src\vulkan\vulkan_command_buffer.cpp">
      <Filter>src\vulkan</Filter>
    </ClCompile>
    <ClCompile Include="..\..\backends\src\vulkan\vulkan_context.cpp">
      <Filter>src\vulkan</Filter>
    </ClCompile>
    <ClCompile Include="..\..\backends\src\vulkan\vulkan_events.cpp">
      <Filter>src\vulkan</Filter>
    </ClCompile>
    <ClCompile Include="..\..\backends\src\vulkan\vulkan_fence.cpp">
      <Filter>src\vulkan</Filter>
    </ClCompile>
    <ClCompile Include="..\..\backends\src\vulkan\vulkan_font.cpp">
      <Filter>src\vulkan</Filter>
    </ClCompile>
    <ClCompile Include="..\..\backends\src\vulkan\vulkan_font_cache.cpp">
      <Filter>src\vulkan</Filter>
    </ClCompile>
    <ClCompile Include="..\..\backends\src\vulkan\vulkan_font_factory.cpp">
      <Filter>src\vulkan</Filter>
    </ClCompile>
    <ClCompile Include="..\..\backends\src\vulkan\vulkan_framebuffer.cpp">
      <Filter>src\vulkan</Filter>
    </ClCompile>
    <ClCompile Include="..\..\backends\src\vulkan\vulkan_graphics.cpp">
      <Filter>src\vulkan</Filter>
    </ClCompile>
    <ClCompile Include="..\..\backends\src\vulkan\vulkan_image.cpp">
      <Filter>src\vulkan</Filter>
    </ClCompile>
    <ClCompile Include="..\..\backends\src\vulkan\vulkan_image_factory.cpp">
      <Filter>src\vulkan</Filter>
    </ClCompile>
    <ClCompile Include="..\..\backends\src\vulkan\vulkan_pipeline.cpp">
      <Filter>src\vulkan</Filter>
    </ClCompile>
    <ClCompile Include="..\..\backends\src\vulkan\vulkan_renderpass.cpp">
      <Filter>src\vulkan</Filter>
    </ClCompile>
    <ClCompile Include="..\..\backends\src\vulkan\vulkan_shader.cpp">
      <Filter>src\vulkan</Filter>
    </ClCompile>
    <ClCompile Include="..\..\backends\src\vulkan\vulkan_subimage.cpp">
      <Filter>src\vulkan</Filter>
    </ClCompile>
    <ClCompile Include="..\..\backends\src\vulkan\vulkan_swapchain.cpp">
      <Filter>src\vulkan</Filter>
    </ClCompile>
    <ClCompile Include="..\..\backends\src\vulkan\vulkan_ui_renderer.cpp">
      <Filter>src\vulkan</Filter>
    </ClCompile>
    <ClCompile Include="..\..\backends\src\vulkan\vulkan_vma.cpp">
      <Filter>src\vulkan</Filter>
    </ClCompile>
    <ClCompile Include="..\..\external\murmurhash.c\murmurhash.c">
      <Filter>murmurhash</Filter>
    </ClCompile>
    <ClCompile Include="..\..\backends\src\stb_rect_pack.cpp">
      <Filter>src</Filter>
    </ClCompile>
    <ClCompile Include="..\..\backends\src\stb_image.cpp">
      <Filter>src</Filter>
    </ClCompile>
    <ClCompile Include="..\..\backends\src\stb_image_write.cpp">
      <Filter>src</Filter>
    </ClCompile>
    <ClCompile Include="..\..\backends\src\vulkan\shaders\vulkan_shaders.cpp">
      <Filter>src\vulkan\shaders</Filter>
    </ClCompile>
  </ItemGroup>
</Project>