<?xml version="1.0" encoding="utf-8"?>
<Project ToolsVersion="4.0" xmlns="http://schemas.microsoft.com/developer/msbuild/2003">
  <ItemGroup>
    <Filter Include="src">
      <UniqueIdentifier>{e9a002d1-852c-4fb0-8967-7b622bc7cd0e}</UniqueIdentifier>
    </Filter>
    <Filter Include="src\editor">
      <UniqueIdentifier>{d4710118-df43-40ee-a99e-709456ca6d80}</UniqueIdentifier>
    </Filter>
    <Filter Include="src\layers">
      <UniqueIdentifier>{edec31c8-91ae-42b6-b496-3f6210707816}</UniqueIdentifier>
    </Filter>
    <Filter Include="src\editor\actions">
      <UniqueIdentifier>{5a9440d9-e20a-4147-946e-547490ba926b}</UniqueIdentifier>
    </Filter>
    <Filter Include="imgui">
      <UniqueIdentifier>{ce364b27-30ab-4d54-9219-a4db145e9689}</UniqueIdentifier>
    </Filter>
    <Filter Include="src\events">
      <UniqueIdentifier>{97107edd-ba16-47f6-a73d-0462de195e6b}</UniqueIdentifier>
    </Filter>
    <Filter Include="src\editor\panels">
      <UniqueIdentifier>{ebf4b8cd-a6bd-4530-94b3-725bc66e263e}</UniqueIdentifier>
    </Filter>
    <Filter Include="src\imgui-filebrowser">
      <UniqueIdentifier>{c2aa9ecf-2119-45e3-8a96-9b4508a930b4}</UniqueIdentifier>
    </Filter>
  </ItemGroup>
  <ItemGroup>
    <ClInclude Include="..\..\editor\src\common.h">
      <Filter>src</Filter>
    </ClInclude>
    <ClInclude Include="..\..\editor\src\app.h">
      <Filter>src</Filter>
    </ClInclude>
    <ClInclude Include="..\..\editor\src\editor\anchor_bounds_handle.h">
      <Filter>src\editor</Filter>
    </ClInclude>
    <ClInclude Include="..\..\editor\src\editor\bounds_handle.h">
      <Filter>src\editor</Filter>
    </ClInclude>
    <ClInclude Include="..\..\editor\src\editor\bounds_widget.h">
      <Filter>src\editor</Filter>
    </ClInclude>
    <ClInclude Include="..\..\editor\src\editor\editor_layer.h">
      <Filter>src\editor</Filter>
    </ClInclude>
    <ClInclude Include="..\..\editor\src\editor\keyframe_context.h">
      <Filter>src\editor</Filter>
    </ClInclude>
    <ClInclude Include="..\..\editor\src\editor\offset_bounds_handle.h">
      <Filter>src\editor</Filter>
    </ClInclude>
    <ClInclude Include="..\..\editor\src\editor\utils.h">
      <Filter>src\editor</Filter>
    </ClInclude>
    <ClInclude Include="..\..\editor\src\editor\actions\add_action.h">
      <Filter>src\editor\actions</Filter>
    </ClInclude>
    <ClInclude Include="..\..\editor\src\editor\actions\add_keyframe_action.h">
      <Filter>src\editor\actions</Filter>
    </ClInclude>
    <ClInclude Include="..\..\editor\src\editor\actions\composite_action.h">
      <Filter>src\editor\actions</Filter>
    </ClInclude>
    <ClInclude Include="..\..\editor\src\editor\actions\delete_action.h">
      <Filter>src\editor\actions</Filter>
    </ClInclude>
    <ClInclude Include="..\..\editor\src\editor\actions\delete_keyframe_action.h">
      <Filter>src\editor\actions</Filter>
    </ClInclude>
    <ClInclude Include="..\..\editor\src\editor\actions\editor_action.h">
      <Filter>src\editor\actions</Filter>
    </ClInclude>
    <ClInclude Include="..\..\editor\src\editor\actions\modify_clip_action.h">
      <Filter>src\editor\actions</Filter>
    </ClInclude>
    <ClInclude Include="..\..\editor\src\editor\actions\modify_keyframe_action.h">
      <Filter>src\editor\actions</Filter>
    </ClInclude>
    <ClInclude Include="..\..\editor\src\editor\actions\move_keyframe_action.h">
      <Filter>src\editor\actions</Filter>
    </ClInclude>
    <ClInclude Include="..\..\editor\src\layers\layer.h">
      <Filter>src\layers</Filter>
    </ClInclude>
    <ClInclude Include="..\..\external\imgui\imconfig.h">
      <Filter>imgui</Filter>
    </ClInclude>
    <ClInclude Include="..\..\external\imgui\imgui.h">
      <Filter>imgui</Filter>
    </ClInclude>
    <ClInclude Include="..\..\external\imgui\imgui_internal.h">
      <Filter>imgui</Filter>
    </ClInclude>
    <ClInclude Include="..\..\external\imgui\imstb_rectpack.h">
      <Filter>imgui</Filter>
    </ClInclude>
    <ClInclude Include="..\..\external\imgui\imstb_textedit.h">
      <Filter>imgui</Filter>
    </ClInclude>
    <ClInclude Include="..\..\external\imgui\imstb_truetype.h">
      <Filter>imgui</Filter>
    </ClInclude>
    <ClInclude Include="..\..\external\imgui\backends\imgui_impl_sdl.h">
      <Filter>imgui</Filter>
    </ClInclude>
    <ClInclude Include="..\..\external\imgui\backends\imgui_impl_sdlrenderer.h">
      <Filter>imgui</Filter>
    </ClInclude>
    <ClInclude Include="..\..\editor\src\image.h">
      <Filter>src</Filter>
    </ClInclude>
    <ClInclude Include="..\..\editor\src\image_factory.h">
      <Filter>src</Filter>
    </ClInclude>
    <ClInclude Include="..\..\editor\src\SDL_FontCache.h">
      <Filter>src</Filter>
    </ClInclude>
    <ClInclude Include="..\..\editor\src\smart_sdl.h">
      <Filter>src</Filter>
    </ClInclude>
    <ClInclude Include="..\..\editor\src\ui_renderer.h">
      <Filter>src</Filter>
    </ClInclude>
    <ClInclude Include="..\..\editor\src\utils.h">
      <Filter>src</Filter>
    </ClInclude>
    <ClInclude Include="..\..\editor\src\event_factory.h">
      <Filter>src</Filter>
    </ClInclude>
    <ClInclude Include="..\..\editor\src\font_factory.h">
      <Filter>src</Filter>
    </ClInclude>
    <ClInclude Include="..\..\editor\src\font.h">
      <Filter>src</Filter>
    </ClInclude>
    <ClInclude Include="..\..\editor\src\editor\actions\change_index_action.h">
      <Filter>src\editor\actions</Filter>
    </ClInclude>
    <ClInclude Include="..\..\editor\src\editor\properties_elements.h">
      <Filter>src\editor</Filter>
    </ClInclude>
    <ClInclude Include="..\..\editor\src\events\event.h">
      <Filter>src\events</Filter>
    </ClInclude>
    <ClInclude Include="..\..\editor\src\editor\panels\editor_panel.h">
      <Filter>src\editor\panels</Filter>
    </ClInclude>
    <ClInclude Include="..\..\editor\src\editor\panels\editor_panel_asset_list.h">
      <Filter>src\editor\panels</Filter>
    </ClInclude>
    <ClInclude Include="..\..\editor\src\editor\panels\editor_panel_canvas_properties.h">
      <Filter>src\editor\panels</Filter>
    </ClInclude>
    <ClInclude Include="..\..\editor\src\editor\panels\editor_panel_properties.h">
      <Filter>src\editor\panels</Filter>
    </ClInclude>
    <ClInclude Include="..\..\editor\src\editor\panels\editor_panel_elements.h">
      <Filter>src\editor\panels</Filter>
    </ClInclude>
    <ClInclude Include="..\..\editor\src\editor\panels\editor_panel_animation.h">
      <Filter>src\editor\panels</Filter>
    </ClInclude>
    <ClInclude Include="..\..\editor\src\editor\panels\editor_panel_undo_stack.h">
      <Filter>src\editor\panels</Filter>
    </ClInclude>
    <ClInclude Include="..\..\editor\src\editor\panels\editor_panel_preview.h">
      <Filter>src\editor\panels</Filter>
    </ClInclude>
    <ClInclude Include="..\..\editor\src\editor\confirm_prompt.h">
      <Filter>src\editor</Filter>
    </ClInclude>
    <ClInclude Include="..\..\editor\src\editor\content_list.h">
      <Filter>src\editor</Filter>
    </ClInclude>
    <ClInclude Include="..\..\editor\src\imgui-filebrowser\imfilebrowser.h">
      <Filter>src\imgui-filebrowser</Filter>
    </ClInclude>
    <ClInclude Include="..\..\editor\src\editor\panels\editor_panel_canvas.h">
      <Filter>src\editor\panels</Filter>
    </ClInclude>
    <ClInclude Include="..\..\editor\src\editor\element_utils.h">
      <Filter>src\editor</Filter>
    </ClInclude>
    <ClInclude Include="..\..\editor\src\editor\actions\delete_clip_action.h">
      <Filter>src\editor\actions</Filter>
    </ClInclude>
    <ClInclude Include="..\..\editor\src\editor\actions\add_clip_action.h">
      <Filter>src\editor\actions</Filter>
    </ClInclude>
    <ClInclude Include="..\..\editor\src\editor\imgui_ext.h">
      <Filter>src\editor</Filter>
    </ClInclude>
    <ClInclude Include="..\..\editor\src\editor\imgui_ext_focus.h">
      <Filter>src\editor</Filter>
    </ClInclude>
    <ClInclude Include="..\..\editor\src\editor\imgui_ext_inspect.h">
      <Filter>src\editor</Filter>
    </ClInclude>
    <ClInclude Include="..\..\editor\src\layers\layer_stack.h">
      <Filter>src\layers</Filter>
    </ClInclude>
    <ClInclude Include="..\..\editor\src\editor\editor_config.h">
      <Filter>src\editor</Filter>
    </ClInclude>
    <ClInclude Include="..\..\editor\src\editor\panels\editor_panel_config.h">
      <Filter>src\editor\panels</Filter>
    </ClInclude>
    <ClInclude Include="..\..\editor\src\stb_rect_pack.h">
      <Filter>src</Filter>
    </ClInclude>
    <ClInclude Include="..\..\editor\src\editor\texture_packer.h">
      <Filter>src\editor</Filter>
    </ClInclude>
    <ClInclude Include="..\..\editor\src\editor\actions\add_event_action.h">
      <Filter>src\editor\actions</Filter>
    </ClInclude>
    <ClInclude Include="..\..\editor\src\editor\actions\delete_event_action.h">
      <Filter>src\editor\actions</Filter>
    </ClInclude>
    <ClInclude Include="..\..\editor\src\editor\actions\modify_event_action.h">
      <Filter>src\editor\actions</Filter>
    </ClInclude>
  </ItemGroup>
  <ItemGroup>
    <ClCompile Include="..\..\editor\src\app.cpp">
      <Filter>src</Filter>
    </ClCompile>
    <ClCompile Include="..\..\editor\src\main.cpp">
      <Filter>src</Filter>
    </ClCompile>
    <ClCompile Include="..\..\editor\src\editor\anchor_bounds_handle.cpp">
      <Filter>src\editor</Filter>
    </ClCompile>
    <ClCompile Include="..\..\editor\src\editor\bounds_handle.cpp">
      <Filter>src\editor</Filter>
    </ClCompile>
    <ClCompile Include="..\..\editor\src\editor\bounds_widget.cpp">
      <Filter>src\editor</Filter>
    </ClCompile>
    <ClCompile Include="..\..\editor\src\editor\editor_layer.cpp">
      <Filter>src\editor</Filter>
    </ClCompile>
    <ClCompile Include="..\..\editor\src\editor\offset_bounds_handle.cpp">
      <Filter>src\editor</Filter>
    </ClCompile>
    <ClCompile Include="..\..\editor\src\editor\actions\add_action.cpp">
      <Filter>src\editor\actions</Filter>
    </ClCompile>
    <ClCompile Include="..\..\editor\src\editor\actions\add_keyframe_action.cpp">
      <Filter>src\editor\actions</Filter>
    </ClCompile>
    <ClCompile Include="..\..\editor\src\editor\actions\composite_action.cpp">
      <Filter>src\editor\actions</Filter>
    </ClCompile>
    <ClCompile Include="..\..\editor\src\editor\actions\delete_action.cpp">
      <Filter>src\editor\actions</Filter>
    </ClCompile>
    <ClCompile Include="..\..\editor\src\editor\actions\delete_keyframe_action.cpp">
      <Filter>src\editor\actions</Filter>
    </ClCompile>
    <ClCompile Include="..\..\editor\src\editor\actions\modify_clip_action.cpp">
      <Filter>src\editor\actions</Filter>
    </ClCompile>
    <ClCompile Include="..\..\editor\src\editor\actions\modify_keyframe_action.cpp">
      <Filter>src\editor\actions</Filter>
    </ClCompile>
    <ClCompile Include="..\..\editor\src\editor\actions\move_keyframe_action.cpp">
      <Filter>src\editor\actions</Filter>
    </ClCompile>
    <ClCompile Include="..\..\editor\src\layers\layer.cpp">
      <Filter>src\layers</Filter>
    </ClCompile>
    <ClCompile Include="..\..\editor\src\layers\layer_stack.cpp">
      <Filter>src\layers</Filter>
    </ClCompile>
    <ClCompile Include="..\..\external\imgui\imgui.cpp">
      <Filter>imgui</Filter>
    </ClCompile>
    <ClCompile Include="..\..\external\imgui\imgui_demo.cpp">
      <Filter>imgui</Filter>
    </ClCompile>
    <ClCompile Include="..\..\external\imgui\imgui_draw.cpp">
      <Filter>imgui</Filter>
    </ClCompile>
    <ClCompile Include="..\..\external\imgui\imgui_tables.cpp">
      <Filter>imgui</Filter>
    </ClCompile>
    <ClCompile Include="..\..\external\imgui\imgui_widgets.cpp">
      <Filter>imgui</Filter>
    </ClCompile>
    <ClCompile Include="..\..\external\imgui\backends\imgui_impl_sdl.cpp">
      <Filter>imgui</Filter>
    </ClCompile>
    <ClCompile Include="..\..\external\imgui\backends\imgui_impl_sdlrenderer.cpp">
      <Filter>imgui</Filter>
    </ClCompile>
    <ClCompile Include="..\..\editor\src\image.cpp">
      <Filter>src</Filter>
    </ClCompile>
    <ClCompile Include="..\..\editor\src\SDL_FontCache.c">
      <Filter>src</Filter>
    </ClCompile>
    <ClCompile Include="..\..\editor\src\image_factory.cpp">
      <Filter>src</Filter>
    </ClCompile>
    <ClCompile Include="..\..\editor\src\ui_renderer.cpp">
      <Filter>src</Filter>
    </ClCompile>
    <ClCompile Include="..\..\editor\src\event_factory.cpp">
      <Filter>src</Filter>
    </ClCompile>
    <ClCompile Include="..\..\editor\src\font_factory.cpp">
      <Filter>src</Filter>
    </ClCompile>
    <ClCompile Include="..\..\editor\src\editor\actions\change_index_action.cpp">
      <Filter>src\editor\actions</Filter>
    </ClCompile>
    <ClCompile Include="..\..\editor\src\editor\properties_elements.cpp">
      <Filter>src\editor</Filter>
    </ClCompile>
    <ClCompile Include="..\..\editor\src\font.cpp">
      <Filter>src</Filter>
    </ClCompile>
    <ClCompile Include="..\..\editor\src\editor\actions\editor_action.cpp">
      <Filter>src\editor\actions</Filter>
    </ClCompile>
    <ClCompile Include="..\..\editor\src\editor\panels\editor_panel.cpp">
      <Filter>src\editor\panels</Filter>
    </ClCompile>
    <ClCompile Include="..\..\editor\src\editor\panels\editor_panel_asset_list.cpp">
      <Filter>src\editor\panels</Filter>
    </ClCompile>
    <ClCompile Include="..\..\editor\src\editor\panels\editor_panel_canvas_properties.cpp">
      <Filter>src\editor\panels</Filter>
    </ClCompile>
    <ClCompile Include="..\..\editor\src\editor\panels\editor_panel_properties.cpp">
      <Filter>src\editor\panels</Filter>
    </ClCompile>
    <ClCompile Include="..\..\editor\src\editor\panels\editor_panel_elements.cpp">
      <Filter>src\editor\panels</Filter>
    </ClCompile>
    <ClCompile Include="..\..\editor\src\editor\panels\editor_panel_animation.cpp">
      <Filter>src\editor\panels</Filter>
    </ClCompile>
    <ClCompile Include="..\..\editor\src\editor\panels\editor_panel_undo_stack.cpp">
      <Filter>src\editor\panels</Filter>
    </ClCompile>
    <ClCompile Include="..\..\editor\src\editor\panels\editor_panel_preview.cpp">
      <Filter>src\editor\panels</Filter>
    </ClCompile>
    <ClCompile Include="..\..\editor\src\editor\confirm_prompt.cpp">
      <Filter>src\editor</Filter>
    </ClCompile>
    <ClCompile Include="..\..\editor\src\editor\content_list.cpp">
      <Filter>src\editor</Filter>
    </ClCompile>
    <ClCompile Include="..\..\editor\src\editor\panels\editor_panel_canvas.cpp">
      <Filter>src\editor\panels</Filter>
    </ClCompile>
    <ClCompile Include="..\..\editor\src\editor\actions\delete_clip_action.cpp">
      <Filter>src\editor\actions</Filter>
    </ClCompile>
    <ClCompile Include="..\..\editor\src\editor\actions\add_clip_action.cpp">
      <Filter>src\editor\actions</Filter>
    </ClCompile>
    <ClCompile Include="..\..\editor\src\editor\imgui_ext.cpp">
      <Filter>src\editor</Filter>
    </ClCompile>
    <ClCompile Include="..\..\editor\src\editor\imgui_ext_focus.cpp">
      <Filter>src\editor</Filter>
    </ClCompile>
    <ClCompile Include="..\..\editor\src\editor\panels\editor_panel_config.cpp">
      <Filter>src\editor\panels</Filter>
    </ClCompile>
    <ClCompile Include="..\..\editor\src\editor\texture_packer.cpp">
      <Filter>src\editor</Filter>
    </ClCompile>
    <ClCompile Include="..\..\editor\src\editor\actions\add_event_action.cpp">
      <Filter>src\editor\actions</Filter>
    </ClCompile>
    <ClCompile Include="..\..\editor\src\editor\actions\delete_event_action.cpp">
      <Filter>src\editor\actions</Filter>
    </ClCompile>
    <ClCompile Include="..\..\editor\src\editor\actions\modify_event_action.cpp">
      <Filter>src\editor\actions</Filter>
    </ClCompile>
  </ItemGroup>
</Project>