<?xml version="1.0" encoding="utf-8"?>
<Project ToolsVersion="4.0" xmlns="http://schemas.microsoft.com/developer/msbuild/2003">
  <ItemGroup>
    <Filter Include="src">
      <UniqueIdentifier>{a8672974-dc46-42ee-9a00-0b88b1fc71d3}</UniqueIdentifier>
    </Filter>
    <Filter Include="include">
      <UniqueIdentifier>{d1a51e3b-cdf8-421f-8dc6-7e41bc7ac44e}</UniqueIdentifier>
    </Filter>
    <Filter Include="include\moth_ui">
      <UniqueIdentifier>{ce06fa2f-9884-4206-bd7f-a561d2b0ee4f}</UniqueIdentifier>
    </Filter>
    <Filter Include="src\imgui_ext">
      <UniqueIdentifier>{7f389c27-e1a4-44d6-85df-065b0d8d5bd6}</UniqueIdentifier>
    </Filter>
    <Filter Include="include\moth_ui\events">
      <UniqueIdentifier>{142c8ec1-8ae7-4c4f-8b39-562ca88d3d8c}</UniqueIdentifier>
    </Filter>
    <Filter Include="include\moth_ui\layout">
      <UniqueIdentifier>{e9101695-7e1d-43f0-bee9-102f3f23ba8a}</UniqueIdentifier>
    </Filter>
    <Filter Include="include\moth_ui\utils">
      <UniqueIdentifier>{d2d37a74-4cfb-4a99-b706-bb26d065cfef}</UniqueIdentifier>
    </Filter>
    <Filter Include="src\layout">
      <UniqueIdentifier>{0f89ec7f-e098-4253-afdc-e340a7c1aea7}</UniqueIdentifier>
    </Filter>
  </ItemGroup>
  <ItemGroup>
    <ClCompile Include="..\..\src\animation_controller.cpp">
      <Filter>src</Filter>
    </ClCompile>
    <ClCompile Include="..\..\src\group.cpp">
      <Filter>src</Filter>
    </ClCompile>
    <ClCompile Include="..\..\src\node.cpp">
      <Filter>src</Filter>
    </ClCompile>
    <ClCompile Include="..\..\src\node_image.cpp">
      <Filter>src</Filter>
    </ClCompile>
    <ClCompile Include="..\..\src\imgui_ext\imgui_ext.cpp">
      <Filter>src\imgui_ext</Filter>
    </ClCompile>
    <ClCompile Include="..\..\src\imgui_ext\imgui_ext_focus.cpp">
      <Filter>src\imgui_ext</Filter>
    </ClCompile>
    <ClCompile Include="..\..\src\context.cpp">
      <Filter>src</Filter>
    </ClCompile>
    <ClCompile Include="..\..\src\animation_track.cpp">
      <Filter>src</Filter>
    </ClCompile>
    <ClCompile Include="..\..\src\node_text.cpp">
      <Filter>src</Filter>
    </ClCompile>
    <ClCompile Include="..\..\src\node_rect.cpp">
      <Filter>src</Filter>
    </ClCompile>
    <ClCompile Include="..\..\src\layout\layout.cpp">
      <Filter>src\layout</Filter>
    </ClCompile>
    <ClCompile Include="..\..\src\layout\layout_entity.cpp">
      <Filter>src\layout</Filter>
    </ClCompile>
    <ClCompile Include="..\..\src\layout\layout_entity_group.cpp">
      <Filter>src\layout</Filter>
    </ClCompile>
    <ClCompile Include="..\..\src\layout\layout_entity_image.cpp">
      <Filter>src\layout</Filter>
    </ClCompile>
    <ClCompile Include="..\..\src\layout\layout_entity_rect.cpp">
      <Filter>src\layout</Filter>
    </ClCompile>
    <ClCompile Include="..\..\src\layout\layout_entity_ref.cpp">
      <Filter>src\layout</Filter>
    </ClCompile>
    <ClCompile Include="..\..\src\layout\layout_entity_text.cpp">
      <Filter>src\layout</Filter>
    </ClCompile>
    <ClCompile Include="..\..\src\layout\layout_entity_clip.cpp">
      <Filter>src\layout</Filter>
    </ClCompile>
    <ClCompile Include="..\..\src\node_clip.cpp">
      <Filter>src</Filter>
    </ClCompile>
    <ClCompile Include="..\..\src\layout\layout_cache.cpp">
      <Filter>src\layout</Filter>
    </ClCompile>
    <ClCompile Include="..\..\src\node_factory.cpp">
      <Filter>src</Filter>
    </ClCompile>
  </ItemGroup>
  <ItemGroup>
    <ClInclude Include="..\..\src\common.h">
      <Filter>src</Filter>
    </ClInclude>
    <ClInclude Include="..\..\include\moth_ui\animation_clip.h">
      <Filter>include\moth_ui</Filter>
    </ClInclude>
    <ClInclude Include="..\..\include\moth_ui\animation_controller.h">
      <Filter>include\moth_ui</Filter>
    </ClInclude>
    <ClInclude Include="..\..\include\moth_ui\animation_track.h">
      <Filter>include\moth_ui</Filter>
    </ClInclude>
    <ClInclude Include="..\..\include\moth_ui\event_dispatch.h">
      <Filter>include\moth_ui</Filter>
    </ClInclude>
    <ClInclude Include="..\..\include\moth_ui\event_listener.h">
      <Filter>include\moth_ui</Filter>
    </ClInclude>
    <ClInclude Include="..\..\include\moth_ui\group.h">
      <Filter>include\moth_ui</Filter>
    </ClInclude>
    <ClInclude Include="..\..\include\moth_ui\node.h">
      <Filter>include\moth_ui</Filter>
    </ClInclude>
    <ClInclude Include="..\..\include\moth_ui\node_image.h">
      <Filter>include\moth_ui</Filter>
    </ClInclude>
    <ClInclude Include="..\..\include\moth_ui\ui_fwd.h">
      <Filter>include\moth_ui</Filter>
    </ClInclude>
    <ClInclude Include="..\..\include\moth_ui\events\event.h">
      <Filter>include\moth_ui\events</Filter>
    </ClInclude>
    <ClInclude Include="..\..\include\moth_ui\events\event_animation.h">
      <Filter>include\moth_ui\events</Filter>
    </ClInclude>
    <ClInclude Include="..\..\include\moth_ui\events\event_key.h">
      <Filter>include\moth_ui\events</Filter>
    </ClInclude>
    <ClInclude Include="..\..\include\moth_ui\events\event_mouse.h">
      <Filter>include\moth_ui\events</Filter>
    </ClInclude>
    <ClInclude Include="..\..\include\moth_ui\layout\layout.h">
      <Filter>include\moth_ui\layout</Filter>
    </ClInclude>
    <ClInclude Include="..\..\include\moth_ui\layout\layout_entity.h">
      <Filter>include\moth_ui\layout</Filter>
    </ClInclude>
    <ClInclude Include="..\..\include\moth_ui\layout\layout_entity_group.h">
      <Filter>include\moth_ui\layout</Filter>
    </ClInclude>
    <ClInclude Include="..\..\include\moth_ui\layout\layout_entity_image.h">
      <Filter>include\moth_ui\layout</Filter>
    </ClInclude>
    <ClInclude Include="..\..\include\moth_ui\layout\layout_entity_type.h">
      <Filter>include\moth_ui\layout</Filter>
    </ClInclude>
    <ClInclude Include="..\..\include\moth_ui\utils\imgui_ext.h">
      <Filter>include\moth_ui\utils</Filter>
    </ClInclude>
    <ClInclude Include="..\..\include\moth_ui\utils\imgui_ext_focus.h">
      <Filter>include\moth_ui\utils</Filter>
    </ClInclude>
    <ClInclude Include="..\..\include\moth_ui\utils\imgui_ext_inspect.h">
      <Filter>include\moth_ui\utils</Filter>
    </ClInclude>
    <ClInclude Include="..\..\include\moth_ui\utils\math_utils.h">
      <Filter>include\moth_ui\utils</Filter>
    </ClInclude>
    <ClInclude Include="..\..\include\moth_ui\utils\rect.h">
      <Filter>include\moth_ui\utils</Filter>
    </ClInclude>
    <ClInclude Include="..\..\include\moth_ui\utils\serialize_utils.h">
      <Filter>include\moth_ui\utils</Filter>
    </ClInclude>
    <ClInclude Include="..\..\include\moth_ui\iimage_factory.h">
      <Filter>include\moth_ui</Filter>
    </ClInclude>
    <ClInclude Include="..\..\include\moth_ui\iimage.h">
      <Filter>include\moth_ui</Filter>
    </ClInclude>
    <ClInclude Include="..\..\include\moth_ui\context.h">
      <Filter>include\moth_ui</Filter>
    </ClInclude>
    <ClInclude Include="..\..\include\moth_ui\irenderer.h">
      <Filter>include\moth_ui</Filter>
    </ClInclude>
    <ClInclude Include="..\..\include\moth_ui\blend_mode.h">
      <Filter>include\moth_ui</Filter>
    </ClInclude>
    <ClInclude Include="..\..\include\moth_ui\utils\interp.h">
      <Filter>include\moth_ui\utils</Filter>
    </ClInclude>
    <ClInclude Include="..\..\include\moth_ui\utils\vector.h">
      <Filter>include\moth_ui\utils</Filter>
    </ClInclude>
    <ClInclude Include="..\..\include\moth_ui\utils\color.h">
      <Filter>include\moth_ui\utils</Filter>
    </ClInclude>
    <ClInclude Include="..\..\include\moth_ui\utils\vector_serialization.h">
      <Filter>include\moth_ui\utils</Filter>
    </ClInclude>
    <ClInclude Include="..\..\include\moth_ui\utils\rect_serialization.h">
      <Filter>include\moth_ui\utils</Filter>
    </ClInclude>
    <ClInclude Include="..\..\include\moth_ui\node_text.h">
      <Filter>include\moth_ui</Filter>
    </ClInclude>
    <ClInclude Include="..\..\include\moth_ui\layout\layout_entity_text.h">
      <Filter>include\moth_ui\layout</Filter>
    </ClInclude>
    <ClInclude Include="..\..\include\moth_ui\ifont_factory.h">
      <Filter>include\moth_ui</Filter>
    </ClInclude>
    <ClInclude Include="..\..\include\moth_ui\ifont.h">
      <Filter>include\moth_ui</Filter>
    </ClInclude>
    <ClInclude Include="..\..\include\moth_ui\text_alignment.h">
      <Filter>include\moth_ui</Filter>
    </ClInclude>
    <ClInclude Include="..\..\include\moth_ui\image_scale_type.h">
      <Filter>include\moth_ui</Filter>
    </ClInclude>
    <ClInclude Include="..\..\include\moth_ui\layout\layout_rect.h">
      <Filter>include\moth_ui\layout</Filter>
    </ClInclude>
    <ClInclude Include="..\..\include\moth_ui\layout\layout_entity_rect.h">
      <Filter>include\moth_ui\layout</Filter>
    </ClInclude>
    <ClInclude Include="..\..\include\moth_ui\node_rect.h">
      <Filter>include\moth_ui</Filter>
    </ClInclude>
    <ClInclude Include="..\..\include\moth_ui\layout\layout_entity_ref.h">
      <Filter>include\moth_ui\layout</Filter>
    </ClInclude>
    <ClInclude Include="..\..\include\moth_ui\layout\layout_entity_clip.h">
      <Filter>include\moth_ui\layout</Filter>
    </ClInclude>
    <ClInclude Include="..\..\include\moth_ui\node_clip.h">
      <Filter>include\moth_ui</Filter>
    </ClInclude>
    <ClInclude Include="..\..\include\moth_ui\layout\layout_cache.h">
      <Filter>include\moth_ui\layout</Filter>
    </ClInclude>
    <ClInclude Include="..\..\include\moth_ui\node_factory.h">
      <Filter>include\moth_ui</Filter>
    </ClInclude>
    <ClInclude Include="..\..\include\moth_ui\inode_factory.h">
      <Filter>include\moth_ui</Filter>
    </ClInclude>
  </ItemGroup>
</Project>