{
    "version": "0.5",
    "requires": [
        "zstd/1.5.5#1f239731dc45147c7fc2f54bfbde73df%1715599909.17",
        "zlib/1.3.1#f52e03ae3d251dec704634230cd806a2%1708593606.497",
        "xz_utils/5.4.5#b885d1d79c9d30cff3803f7f551dbe66%1724318972.064",
        "vulkan-memory-allocator/3.0.1#3f663d8f68621ed2adf5d70235270c2e%1701151228.271",
        "vulkan-loader/1.3.243.0#255cd8c2f08905da52dc800786188fff%1722884147.143",
        "vulkan-headers/1.3.243.0#dc3b0b2a30207d3384bc763ae915d286%1703165101.185",
        "spdlog/1.12.0#baf01ff8c9be09bb6cb6c62c1804012c%1709323024.67",
        "sdl_ttf/2.20.2#d84955e8717a9e8d42ece56ee746f3af%1706062045.058",
        "sdl_image/2.0.5#7a66383a01afe55a315d59a2f7ee6d22%1721129105.78",
        "sdl/2.28.3#313ebe9abb719f5aed0d4453bbe49e6b%1725229199.776",
        "range-v3/0.12.0#4c05d91d7b40e6b91b44b5345ac64408%1689218196.637",
        "pcre2/10.42#ac2227071f79a062167cf2fee7189d66%1727865720.942",
        "opengl/system#4df6fecde4084386beded3ed0e56e4ea%1709801735.507",
        "nlohmann_json/3.11.2#1ded6ae5d200a68ac17c51d528b945e2%1700513003.368",
        "moth_ui/0.1#ea9588558196cde392eb5ead82a1b5eb%1745383161.3165085",
        "magic_enum/0.7.3#5ce256aed32be42d9c69062bc394c2e9%1684927736.637",
        "libwebp/1.3.2#52f69c4a31c5cf033fdd9230d77a8e38%1694806992.059",
        "libtiff/4.6.0#51d0e7e15d032aeec1b64e65c44ecd9f%1710002558.618",
        "libpng/1.6.42#df487b07ca898d97bf3fad8988639c67%1726517436.077",
        "libjpeg/9e#ebca87d1efc798db99cc9bbe2297679a%1723665906.622",
        "libiconv/1.17#73fefc1b696e069df90fd1d18aa63edd%1707122814.387",
        "libgettext/0.21#e385bfac2d0370335ae9b670c34713a1%1692434362.891",
        "libffi/3.4.4#72cccac6139293b6e97ec9cd676547ff%1712271679.608",
        "libdeflate/1.19#3ea74a4549efc14d4b1202dc4bfbf602%1694914376.803",
        "jbig/20160605#2d29fa02aacd76902e0d2cbbc24631ef%1676066289.194",
        "harfbuzz/8.3.0#c83405ed297bad6c9e9587e2a19c686a%1713342401.259",
        "glib/2.78.3#0d214f34a22088571a43892d3fd41093%1721997887.511",
        "glfw/3.3.8#d75a15a362a707163bfaabbf4dc993d8%1728302218.979",
        "freetype/2.13.2#5d2563803c8558d4ef47271a82c73d20%1728736671.752",
        "fmt/10.2.1#658771bb858b77f380be2ebb22c338e9%1735899167.615",
        "canyon/0.1.0#9589c85c0076722f5832d5983ce84690%1745389846.8030708",
        "bzip2/1.0.8#d00dac990f08d991998d624be81a9526%1724661266.998",
        "brotli/1.1.0#d56d7bb9ca722942aba17369cb5c0519%1696161049.808"
    ],
    "build_requires": [
        "zlib/1.3.1#f52e03ae3d251dec704634230cd806a2%1708593606.497",
        "pkgconf/2.1.0#27f44583701117b571307cf5b5fe5605%1701537936.436",
        "pkgconf/2.0.3#f996677e96e61e6552d85e83756c328b%1696606182.229",
        "pcre2/10.42#ac2227071f79a062167cf2fee7189d66%1727865720.942",
        "ninja/1.12.1#fd583651bf0c6a901943495d49878803%1724079877.609",
        "msys2/cci.latest#5a31efa2bde593541fd5ac3bcc50c01c%1699871190.424",
        "meson/1.4.0#2262941cc8fbb0099dd0c196ca2a6c01%1726730116.631",
        "meson/1.3.2#26ce8a76a36cc275cdfee1d757bc6561%1726730118.251",
        "meson/1.2.2#21b73818ba96d9eea465b310b5bbc993%1726730120.212",
        "m4/1.4.19#b38ced39a01e31fef5435bc634461fd2%1700758725.451",
        "libiconv/1.17#73fefc1b696e069df90fd1d18aa63edd%1707122814.387",
        "libgettext/0.22#2c87563d7a69544dd9379f038aca3b0b%1692434363.136",
        "libffi/3.4.4#72cccac6139293b6e97ec9cd676547ff%1712271679.608",
        "glib/2.78.3#0d214f34a22088571a43892d3fd41093%1721997887.511",
        "cmake/3.30.5#540068cc37f1d21b42b729c82d6bcb29%1728562547.207",
        "cmake/3.27.9#e255e9c6cc3ac4856c44ad84476ec434%1701609437.645",
        "bzip2/1.0.8#d00dac990f08d991998d624be81a9526%1724661266.998",
        "automake/1.16.5#058bda3e21c36c9aa8425daf3c1faf50%1688481772.751",
        "autoconf/2.71#f9307992909d7fb3df459340f1932809%1711983104.648"
    ],
    "python_requires": [],
    "overrides": {
        "libpng/[>=1.6 <2]": [
            "libpng/1.6.42"
        ],
        "fmt/10.2.1": [
            "fmt/10.2.1"
        ],
        "libgettext/0.22": [
            null,
            "libgettext/0.21"
        ],
        "fmt/10.0.0": [
            "fmt/10.2.1"
        ]
    },
    "config_requires": []
}