{
    "version": "0.5",
    "requires": [
        "zstd/1.5.5#b87dc3b185caa4b122979ac4ae8ef7e8%1699046809.017",
        "zlib/1.3.1#af8f2ef3d8e0fddf1975281d7fe43bf6%1705999193.687",
        "xz_utils/5.4.5#a26a2d42ab9c3dabc151bbe1bf898e53%1700748506.394",
        "xorg/system#c7039fe88e71c34398de15694304f0f0%1704525978.812",
        "xkeyboard-config/system#57dd5c08e72ab06bc2ee0e756c0a2c41%1703110621.907",
        "xkbcommon/1.6.0#b06290c97088ddb9754331f0dd69c5ed%1706011893.538",
        "wayland/1.22.0#44a1f9bf1092bea2f3d38e50db225ea6%1704431692.071",
        "vulkan-memory-allocator/3.0.1#3f663d8f68621ed2adf5d70235270c2e%1701151228.271",
        "vulkan-loader/1.3.243.0#f68b537a05788494ba0313370b9decd5%1705484389.498",
        "vulkan-headers/1.3.243.0#dc3b0b2a30207d3384bc763ae915d286%1703165101.185",
        "vorbis/1.3.7#37e58f52e59a6232199b34ef402714a6%1699046045.52",
        "spdlog/1.12.0#bbd1ea6f277c76e0b580cd4a45990032%1705707715.23",
        "sdl_ttf/2.20.2#1bbf8b0443d378bbf9428a9894c5dbe6%1700456510.112",
        "sdl_image/2.0.5#33c8f5f63070430ae0e8ec9c3fccaaa7%1697997379.618",
        "sdl/2.28.3#1e6b79d4a087c63fde8dd4ed18d80857%1706109404.555",
        "range-v3/0.12.0#4c05d91d7b40e6b91b44b5345ac64408%1689218196.637",
        "pulseaudio/14.2#bedb313afed20242c7caa27ae3e10af8%1705079591.3",
        "pcre2/10.42#74a354d74d291503aadffe6453d976f5%1694473548.558",
        "opus/1.4#54631f551fc450783fb2df8cd63f80a2%1692264047.36",
        "openssl/3.2.1#39bd48ed31f1f3fbdcd75a0648aaedcf%1707222937.921",
        "opengl/system#b29589c04d6df84c110d6acb066ab653%1681425065.802",
        "ogg/1.3.5#062626875f5c8c59f069f76f148098ef%1676030023.878",
        "nlohmann_json/3.11.2#1ded6ae5d200a68ac17c51d528b945e2%1700513003.368",
        "mpg123/1.31.2#ce831c936b2284e2066ab3dc58a2628e%1697088458.795",
        "magic_enum/0.7.3#5ce256aed32be42d9c69062bc394c2e9%1684927736.637",
        "m4/1.4.19#b38ced39a01e31fef5435bc634461fd2%1700758725.451",
        "libxml2/2.12.3#071b32ddc1353a239d3697319c68beca%1703677894.128",
        "libwebp/1.3.2#52f69c4a31c5cf033fdd9230d77a8e38%1694806992.059",
        "libunwind/1.8.0#5f1a497a09b878470656213c1e01ae70%1705353468.901",
        "libtool/2.4.7#08316dad5c72c541ed21e039e4cf217b%1702300906.107",
        "libtiff/4.6.0#26284ca6514a94f6f4905e76708c2155%1706853939.044",
        "libsndfile/1.2.2#b3662f832e29507e8d9840a43737cc14%1701864257.026",
        "libselinux/3.5#776f35e238362c6b893220f437cb89ae%1700227545.201",
        "libpng/1.6.42#fdba4ebf89df3c55d6db0145a2a66a24%1706645815.974",
        "libmp3lame/3.100#44b12d19316eb2b223d98d3e75dae438%1674992501.853",
        "libmount/2.39#9b2a81545c28668d2281639cc1657dd5%1692949589.963",
        "libjpeg/9e#68269859e4325ddc3f995d1fd3fc9187%1674953155.168",
        "libiconv/1.17#73fefc1b696e069df90fd1d18aa63edd%1707122814.387",
        "libffi/3.4.4#35eb63842b505824b70aedc1baefc916%1682741110.044",
        "libelf/0.8.13#4f70a3555809ae50cc8add44f0f84288%1682439923.579",
        "libdeflate/1.19#3ea74a4549efc14d4b1202dc4bfbf602%1694914376.803",
        "libcap/2.69#7ef2d60864c2e58e89db957be936dc49%1693427138.461",
        "libalsa/1.2.10#8b568d62190ef588cd5dcdd81171c289%1694958059.674",
        "jbig/20160605#2d29fa02aacd76902e0d2cbbc24631ef%1676066289.194",
        "harfbuzz/8.3.0#7e7ea00066eaaa818d469d24dbc3a106%1701609053.471",
        "glib/2.78.1#6da549beee7208bd9fad0e6141581e8e%1698656551.932",
        "glfw/3.3.8#54540ba4627e939dd76f098dc36b65d0%1705487185.829",
        "freetype/2.13.2#fa35264c88edc6421a850d08c67630f4%1706853862.223",
        "fmt/10.1.1#0561f4fdf8146b5d82b926d7e0d9c66b%1704167365.406",
        "flac/1.4.2#6a17595ab773d2de32e18b5d3b24afff%1703803162.098",
        "expat/2.5.0#91e43e4544923e4c934bfad1fa4306f9%1684595996.015",
        "egl/system#068ac3037d8cf01f768d0e001e6dcd76%1681426530.637",
        "bzip2/1.0.8#457c272f7da34cb9c67456dd217d36c4%1703591832.799",
        "brotli/1.1.0#d56d7bb9ca722942aba17369cb5c0519%1696161049.808",
        "automake/1.16.5#058bda3e21c36c9aa8425daf3c1faf50%1688481772.751",
        "autoconf/2.71#00a1e46d8ba5baaf7f10d64c1a6a0342%1703977033.025"
    ],
    "build_requires": [
        "zlib/1.3.1#af8f2ef3d8e0fddf1975281d7fe43bf6%1705999193.687",
        "yasm/1.3.0#fb800a15413dca19bfaef9e4b5d50694%1676208399.011",
        "wayland-protocols/1.32#d871f62234751f8d72e90445a44d5e49%1702571842.989",
        "wayland/1.22.0#44a1f9bf1092bea2f3d38e50db225ea6%1704431692.071",
        "pkgconf/2.1.0#27f44583701117b571307cf5b5fe5605%1701537936.436",
        "pkgconf/2.0.3#f996677e96e61e6552d85e83756c328b%1696606182.229",
        "pcre2/10.42#74a354d74d291503aadffe6453d976f5%1694473548.558",
        "ninja/1.11.1#77587f8c8318662ac8e5a7867eb4be21%1684431244.21",
        "meson/1.3.1#23ad39607b5907947ed1a511bc02deee%1703626655.726",
        "meson/1.3.0#83e9030e0cb3418759e72d3631213a5a%1700468133.23",
        "meson/1.2.3#7d2bfe1bfc0c4edd9579e812344d5490%1697831305.194",
        "meson/1.2.2#aace9dcc1db58fa42ecb5292f724092d%1695994576.349",
        "m4/1.4.19#b38ced39a01e31fef5435bc634461fd2%1700758725.451",
        "libxml2/2.12.3#071b32ddc1353a239d3697319c68beca%1703677894.128",
        "libtool/2.4.7#08316dad5c72c541ed21e039e4cf217b%1702300906.107",
        "libselinux/3.5#776f35e238362c6b893220f437cb89ae%1700227545.201",
        "libmount/2.39#9b2a81545c28668d2281639cc1657dd5%1692949589.963",
        "libiconv/1.17#73fefc1b696e069df90fd1d18aa63edd%1707122814.387",
        "libffi/3.4.4#35eb63842b505824b70aedc1baefc916%1682741110.044",
        "libelf/0.8.13#4f70a3555809ae50cc8add44f0f84288%1682439923.579",
        "gnu-config/cci.20210814#dc430d754f465e8c74463019672fb97b%1701248168.479",
        "glib/2.78.1#6da549beee7208bd9fad0e6141581e8e%1698656551.932",
        "gettext/0.21#d60d0f85b07f9161696cb7258d51f9d2%1693396432.15",
        "flex/2.6.4#e35bc44b3fcbcd661e0af0dc5b5b1ad4%1674818991.113",
        "expat/2.5.0#91e43e4544923e4c934bfad1fa4306f9%1684595996.015",
        "cmake/3.28.1#92f79424d7b65b12a84a2180866c3a78%1703679314.116",
        "cmake/3.27.9#e255e9c6cc3ac4856c44ad84476ec434%1701609437.645",
        "bzip2/1.0.8#457c272f7da34cb9c67456dd217d36c4%1703591832.799",
        "bison/3.8.2#ed1ba0c42d2ab7ab64fc3a62e9ecc673%1688556312.342",
        "automake/1.16.5#058bda3e21c36c9aa8425daf3c1faf50%1688481772.751",
        "autoconf/2.71#00a1e46d8ba5baaf7f10d64c1a6a0342%1703977033.025"
    ],
    "python_requires": [],
    "overrides": {
        "libpng/1.6.40": [
            "libpng/1.6.42"
        ],
        "libpng/1.6.42": [
            "libpng/1.6.42#fdba4ebf89df3c55d6db0145a2a66a24"
        ],
        "fmt/10.2.1": [
            "fmt/10.1.1"
        ]
    }
}