{
    "version": "0.5",
    "requires": [
        "zstd/1.5.5#93372fe14bb7883bd4de82914e0a1841%1680716977.025",
        "zlib/1.3#06023034579559bb64357db3a53f88a4%1692672716.907",
        "xz_utils/5.4.4#f7cff24c0eadb6e51001dd86695e823d%1694356568.703",
        "xorg/system#de8fc1917bb3d11cf7a1d15eccf79c16%1681842477.341",
        "xkeyboard-config/system#493c19865261899b6633ecb43ce536d6%1672760927.706",
        "xkbcommon/1.4.1#270edf1a8e36524bd134351b0375f76e%1696422829.087",
        "wayland/1.22.0#f4d08e65e816f2d8574110346877754e%1695224171.722",
        "vulkan-memory-allocator/3.0.1#277e2c063a698b770b09ed28e42dd332%1683809923.231",
        "vulkan-loader/1.3.243.0#fc0c023f823ea3ea6404f29ca309f413%1691692231.846",
        "vulkan-headers/1.3.243.0#da66949b29e7b1f3b50f15d3a27d8697%1680259561.713",
        "vorbis/1.3.7#d936fd8c850f0c7c4021e24e55e6352c%1677753970.154",
        "spdlog/1.12.0#0e390a2f5c3e96671d0857bc734e4731%1693277101.493",
        "sdl_ttf/2.20.2#d3624953cbcbefdbd6150e9d51370a11%1688919617.09",
        "sdl_image/2.0.5#8fb6e3f80d209f1e637e0d72f7fd50ca%1696062775.519",
        "sdl/2.28.3#29b044c20ef2f414704254cccc83dd45%1698034097.309",
        "range-v3/0.12.0#4c05d91d7b40e6b91b44b5345ac64408%1689218196.637",
        "pulseaudio/14.2#f4018b35756b60d36d8d336901620e02%1695224036.698",
        "opus/1.4#54631f551fc450783fb2df8cd63f80a2%1692264047.36",
        "openssl/3.1.4#23d3e83fe4db5a4575d8a7848abad9f9%1698678598.759",
        "opengl/system#b29589c04d6df84c110d6acb066ab653%1681425065.802",
        "ogg/1.3.5#062626875f5c8c59f069f76f148098ef%1676030023.878",
        "nlohmann_json/3.11.2#a35423bb6e1eb8f931423557e282c7ed%1666619820.488",
        "mpg123/1.31.2#ce831c936b2284e2066ab3dc58a2628e%1697088458.795",
        "magic_enum/0.7.3#5ce256aed32be42d9c69062bc394c2e9%1684927736.637",
        "m4/1.4.19#adbdd7fb7db33e609425c797196baccb%1697449900.379",
        "libxml2/2.11.4#69dfc0f29987d9389239d9b0d37b655d%1694685929.527",
        "libwebp/1.3.2#52f69c4a31c5cf033fdd9230d77a8e38%1694806992.059",
        "libunwind/1.6.2#6105641f57b5f9adf5fa51b17c2323f9%1695266466.124",
        "libtool/2.4.7#d55a3c2435c19e830fa77aa5c6c19350%1677509454.216",
        "libtiff/4.6.0#7b38b6577b722edb1c3dd9d01ac543ef%1695249555.859",
        "libsndfile/1.2.2#a5a93fb8f35fb5fba00552b2b3144db7%1695229791.429",
        "libpng/1.6.40#0337b7b87ac125307ed70fd064c31eea%1694676185.364",
        "libmp3lame/3.100#44b12d19316eb2b223d98d3e75dae438%1674992501.853",
        "libjpeg/9e#68269859e4325ddc3f995d1fd3fc9187%1674953155.168",
        "libiconv/1.17#fa54397801cd96911a8294bc5fc76335%1675449822.495",
        "libffi/3.4.4#35eb63842b505824b70aedc1baefc916%1682741110.044",
        "libdeflate/1.18#3697b637656a9af04cabcbed50db9a7e%1681219739.691",
        "libcap/2.69#7ef2d60864c2e58e89db957be936dc49%1693427138.461",
        "libalsa/1.2.10#8b568d62190ef588cd5dcdd81171c289%1694958059.674",
        "jbig/20160605#2d29fa02aacd76902e0d2cbbc24631ef%1676066289.194",
        "glm/cci.20230113#3e19f4607c4d22cee611b572ce677479%1675657264.662",
        "glfw/3.3.8#545c12c3dd621f4cb64d5d8c5f469293%1683482625.927",
        "freetype/2.12.1#752fca76ed50f5437e0d058af529ea50%1693958951.446",
        "fmt/10.1.1#cd63809a79574a2f9eb73ca35f16a243%1693230699.985",
        "flac/1.4.2#5f7bfc8579a458e0a8bc36595c48106f%1675454360.78",
        "expat/2.5.0#91e43e4544923e4c934bfad1fa4306f9%1684595996.015",
        "egl/system#068ac3037d8cf01f768d0e001e6dcd76%1681426530.637",
        "bzip2/1.0.8#411fc05e80d47a89045edc1ee6f23c1d%1678293522.814",
        "brotli/1.1.0#d56d7bb9ca722942aba17369cb5c0519%1696161049.808",
        "automake/1.16.5#058bda3e21c36c9aa8425daf3c1faf50%1688481772.751",
        "autoconf/2.71#53be95d228b2dcb30dc199cb84262d8f%1693395343.513"
    ],
    "build_requires": [
        "zlib/1.3#06023034579559bb64357db3a53f88a4%1692672716.907",
        "yasm/1.3.0#fb800a15413dca19bfaef9e4b5d50694%1676208399.011",
        "wayland-protocols/1.31#7921390519d73ba4cd547eb3d0378b3c%1696926741.384",
        "wayland/1.22.0#f4d08e65e816f2d8574110346877754e%1695224171.722",
        "pkgconf/2.0.3#f996677e96e61e6552d85e83756c328b%1696606182.229",
        "pkgconf/1.9.3#3e658ebc066dc868a1f8a472c1065368%1696606182.82",
        "ninja/1.11.1#77587f8c8318662ac8e5a7867eb4be21%1684431244.21",
        "meson/1.2.2#aace9dcc1db58fa42ecb5292f724092d%1695994576.349",
        "meson/1.2.1#8b99e6cc4f6908b594c33d1b85cfa5bd%1691526225.987",
        "m4/1.4.19#adbdd7fb7db33e609425c797196baccb%1697449900.379",
        "libxml2/2.11.4#69dfc0f29987d9389239d9b0d37b655d%1694685929.527",
        "libtool/2.4.7#d55a3c2435c19e830fa77aa5c6c19350%1677509454.216",
        "libiconv/1.17#fa54397801cd96911a8294bc5fc76335%1675449822.495",
        "libffi/3.4.4#35eb63842b505824b70aedc1baefc916%1682741110.044",
        "gnu-config/cci.20210814#15c3bf7dfdb743977b84d0321534ad90%1681250000.747",
        "gettext/0.21#d60d0f85b07f9161696cb7258d51f9d2%1693396432.15",
        "flex/2.6.4#e35bc44b3fcbcd661e0af0dc5b5b1ad4%1674818991.113",
        "expat/2.5.0#91e43e4544923e4c934bfad1fa4306f9%1684595996.015",
        "cmake/3.27.7#6e11610a238b9292dffda14c34bb53e6%1696774949.5",
        "bison/3.8.2#ed1ba0c42d2ab7ab64fc3a62e9ecc673%1688556312.342",
        "automake/1.16.5#058bda3e21c36c9aa8425daf3c1faf50%1688481772.751",
        "autoconf/2.71#53be95d228b2dcb30dc199cb84262d8f%1693395343.513"
    ],
    "python_requires": [],
    "overrides": {
        "sdl/2.26.5": [
            "sdl/2.28.3"
        ],
        "libwebp/1.3.2": [
            "libwebp/1.3.2#52f69c4a31c5cf033fdd9230d77a8e38"
        ],
        "fmt/10.1.1": [
            "fmt/10.1.1"
        ],
        "libalsa/1.2.10": [
            "libalsa/1.2.10"
        ],
        "wayland/1.22.0": [
            "wayland/1.22.0",
            null
        ]
    }
}